
Microsoft Visual Studio Solution File, Format Version 12.00
# Visual Studio Version 17
VisualStudioVersion = 17.0.31903.59
MinimumVisualStudioVersion = 10.0.40219.1
Project("{FAE04EC0-301F-11D3-BF4B-00C04F79EFBC}") = "GitExercise1", "GitExercise1\GitExercise1.csproj", "{99D5D87A-7832-46D1-95FD-F3CD12965BF7}"
EndProject
Global
	GlobalSection(SolutionConfigurationPlatforms) = preSolution
		Debug|Any CPU = Debug|Any CPU
		Release|Any CPU = Release|Any CPU
	EndGlobalSection
	GlobalSection(ProjectConfigurationPlatforms) = postSolution
		{99D5D87A-7832-46D1-95FD-F3CD12965BF7}.Debug|Any CPU.ActiveCfg = Debug|Any CPU
		{99D5D87A-7832-46D1-95FD-F3CD12965BF7}.Debug|Any CPU.Build.0 = Debug|Any CPU
		{99D5D87A-7832-46D1-95FD-F3CD12965BF7}.Release|Any CPU.ActiveCfg = Release|Any CPU
		{99D5D87A-7832-46D1-95FD-F3CD12965BF7}.Release|Any CPU.Build.0 = Release|Any CPU
	EndGlobalSection
	GlobalSection(SolutionProperties) = preSolution
		HideSolutionNode = FALSE
	EndGlobalSection
	GlobalSection(ExtensibilityGlobals) = postSolution
		SolutionGuid = {170CD156-6DBC-4F14-AF6F-B9522B2EEB75}
	EndGlobalSection
EndGlobal
